
Microsoft Visual Studio Solution File, Format Version 12.00
# Visual Studio Version 16
VisualStudioVersion = 16.0.31019.35
MinimumVisualStudioVersion = 10.0.40219.1
Project("{FAE04EC0-301F-11D3-BF4B-00C04F79EFBC}") = "BackEnd", "BackEnd\BackEnd.csproj", "{554EE794-FEED-4824-8A90-AF048AAA3EF7}"
EndProject
Global
	GlobalSection(SolutionConfigurationPlatforms) = preSolution
		Debug|Any CPU = Debug|Any CPU
		Release|Any CPU = Release|Any CPU
	EndGlobalSection
	GlobalSection(ProjectConfigurationPlatforms) = postSolution
		{554EE794-FEED-4824-8A90-AF048AAA3EF7}.Debug|Any CPU.ActiveCfg = Debug|Any CPU
		{554EE794-FEED-4824-8A90-AF048AAA3EF7}.Debug|Any CPU.Build.0 = Debug|Any CPU
		{554EE794-FEED-4824-8A90-AF048AAA3EF7}.Release|Any CPU.ActiveCfg = Release|Any CPU
		{554EE794-FEED-4824-8A90-AF048AAA3EF7}.Release|Any CPU.Build.0 = Release|Any CPU
	EndGlobalSection
	GlobalSection(SolutionProperties) = preSolution
		HideSolutionNode = FALSE
	EndGlobalSection
	GlobalSection(ExtensibilityGlobals) = postSolution
		SolutionGuid = {4C059859-D307-488C-9BB6-7C0234749956}
	EndGlobalSection
EndGlobal
